
Microsoft Visual Studio Solution File, Format Version 12.00
# Visual Studio Version 16
VisualStudioVersion = 16.0.30011.22
MinimumVisualStudioVersion = 10.0.40219.1
Project("{9A19103F-16F7-4668-BE54-9A1E7A4F7556}") = "DrawingApp", "DrawingApp.csproj", "{F7369214-8DBC-4EC6-9FB5-50D02F9A62A7}"
EndProject
Project("{9A19103F-16F7-4668-BE54-9A1E7A4F7556}") = "DrawnigContracts", "..\DrawnigContracts\DrawnigContracts.csproj", "{B8FE2E01-3500-4CD3-B1B3-E7DDB3FB8AA9}"
EndProject
Project("{2150E333-8FDC-42A3-9474-1A3956D46DE8}") = "BLL", "BLL", "{2BC34387-6248-4BC2-8EB5-32BD6DDBC809}"
EndProject
Project("{9A19103F-16F7-4668-BE54-9A1E7A4F7556}") = "UsersService", "..\UsersService\UsersService.csproj", "{D636C81A-BD13-4109-852F-963D7C9D762E}"
EndProject
Project("{9A19103F-16F7-4668-BE54-9A1E7A4F7556}") = "UsersDal", "..\UsersDal\UsersDal.csproj", "{4573989B-7AAA-4D54-9DAE-6AB2DA76AB5C}"
EndProject
Project("{2150E333-8FDC-42A3-9474-1A3956D46DE8}") = "AppDal", "AppDal", "{26698CCA-2202-4442-8F8A-6A1288496932}"
EndProject
Project("{9A19103F-16F7-4668-BE54-9A1E7A4F7556}") = "DocumentsDal", "..\DocumentsDal\DocumentsDal.csproj", "{65E511EA-D6DC-481F-A1C5-9FBB10C60C0D}"
EndProject
Project("{9A19103F-16F7-4668-BE54-9A1E7A4F7556}") = "DocumentsService", "..\DocumentsService\DocumentsService.csproj", "{DA5A745A-1BDA-4745-AD6B-B92AE71F4F3F}"
EndProject
Project("{9A19103F-16F7-4668-BE54-9A1E7A4F7556}") = "SharingService", "..\SharingService\SharingService.csproj", "{34691628-1660-43EB-827A-9A0CEC09FCF6}"
EndProject
Project("{9A19103F-16F7-4668-BE54-9A1E7A4F7556}") = "SharingDal", "..\SharingDal\SharingDal.csproj", "{851F5C07-9A12-48A6-9706-1416344B71CB}"
EndProject
Project("{FAE04EC0-301F-11D3-BF4B-00C04F79EFBC}") = "MarkersDal", "..\MarkersDal\MarkersDal.csproj", "{008D4F1A-5A2E-4742-B6C9-B5308EC74255}"
EndProject
Project("{FAE04EC0-301F-11D3-BF4B-00C04F79EFBC}") = "MarkersService", "..\MarkersService\MarkersService.csproj", "{30B52352-3641-45C4-AD93-0E49113DA55A}"
EndProject
Global
	GlobalSection(SolutionConfigurationPlatforms) = preSolution
		Debug|Any CPU = Debug|Any CPU
		Release|Any CPU = Release|Any CPU
	EndGlobalSection
	GlobalSection(ProjectConfigurationPlatforms) = postSolution
		{F7369214-8DBC-4EC6-9FB5-50D02F9A62A7}.Debug|Any CPU.ActiveCfg = Debug|Any CPU
		{F7369214-8DBC-4EC6-9FB5-50D02F9A62A7}.Debug|Any CPU.Build.0 = Debug|Any CPU
		{F7369214-8DBC-4EC6-9FB5-50D02F9A62A7}.Release|Any CPU.ActiveCfg = Release|Any CPU
		{F7369214-8DBC-4EC6-9FB5-50D02F9A62A7}.Release|Any CPU.Build.0 = Release|Any CPU
		{B8FE2E01-3500-4CD3-B1B3-E7DDB3FB8AA9}.Debug|Any CPU.ActiveCfg = Debug|Any CPU
		{B8FE2E01-3500-4CD3-B1B3-E7DDB3FB8AA9}.Debug|Any CPU.Build.0 = Debug|Any CPU
		{B8FE2E01-3500-4CD3-B1B3-E7DDB3FB8AA9}.Release|Any CPU.ActiveCfg = Release|Any CPU
		{B8FE2E01-3500-4CD3-B1B3-E7DDB3FB8AA9}.Release|Any CPU.Build.0 = Release|Any CPU
		{D636C81A-BD13-4109-852F-963D7C9D762E}.Debug|Any CPU.ActiveCfg = Debug|Any CPU
		{D636C81A-BD13-4109-852F-963D7C9D762E}.Debug|Any CPU.Build.0 = Debug|Any CPU
		{D636C81A-BD13-4109-852F-963D7C9D762E}.Release|Any CPU.ActiveCfg = Release|Any CPU
		{D636C81A-BD13-4109-852F-963D7C9D762E}.Release|Any CPU.Build.0 = Release|Any CPU
		{4573989B-7AAA-4D54-9DAE-6AB2DA76AB5C}.Debug|Any CPU.ActiveCfg = Debug|Any CPU
		{4573989B-7AAA-4D54-9DAE-6AB2DA76AB5C}.Debug|Any CPU.Build.0 = Debug|Any CPU
		{4573989B-7AAA-4D54-9DAE-6AB2DA76AB5C}.Release|Any CPU.ActiveCfg = Release|Any CPU
		{4573989B-7AAA-4D54-9DAE-6AB2DA76AB5C}.Release|Any CPU.Build.0 = Release|Any CPU
		{65E511EA-D6DC-481F-A1C5-9FBB10C60C0D}.Debug|Any CPU.ActiveCfg = Debug|Any CPU
		{65E511EA-D6DC-481F-A1C5-9FBB10C60C0D}.Debug|Any CPU.Build.0 = Debug|Any CPU
		{65E511EA-D6DC-481F-A1C5-9FBB10C60C0D}.Release|Any CPU.ActiveCfg = Release|Any CPU
		{65E511EA-D6DC-481F-A1C5-9FBB10C60C0D}.Release|Any CPU.Build.0 = Release|Any CPU
		{DA5A745A-1BDA-4745-AD6B-B92AE71F4F3F}.Debug|Any CPU.ActiveCfg = Debug|Any CPU
		{DA5A745A-1BDA-4745-AD6B-B92AE71F4F3F}.Debug|Any CPU.Build.0 = Debug|Any CPU
		{DA5A745A-1BDA-4745-AD6B-B92AE71F4F3F}.Release|Any CPU.ActiveCfg = Release|Any CPU
		{DA5A745A-1BDA-4745-AD6B-B92AE71F4F3F}.Release|Any CPU.Build.0 = Release|Any CPU
		{34691628-1660-43EB-827A-9A0CEC09FCF6}.Debug|Any CPU.ActiveCfg = Debug|Any CPU
		{34691628-1660-43EB-827A-9A0CEC09FCF6}.Debug|Any CPU.Build.0 = Debug|Any CPU
		{34691628-1660-43EB-827A-9A0CEC09FCF6}.Release|Any CPU.ActiveCfg = Release|Any CPU
		{34691628-1660-43EB-827A-9A0CEC09FCF6}.Release|Any CPU.Build.0 = Release|Any CPU
		{851F5C07-9A12-48A6-9706-1416344B71CB}.Debug|Any CPU.ActiveCfg = Debug|Any CPU
		{851F5C07-9A12-48A6-9706-1416344B71CB}.Debug|Any CPU.Build.0 = Debug|Any CPU
		{851F5C07-9A12-48A6-9706-1416344B71CB}.Release|Any CPU.ActiveCfg = Release|Any CPU
		{851F5C07-9A12-48A6-9706-1416344B71CB}.Release|Any CPU.Build.0 = Release|Any CPU
		{008D4F1A-5A2E-4742-B6C9-B5308EC74255}.Debug|Any CPU.ActiveCfg = Debug|Any CPU
		{008D4F1A-5A2E-4742-B6C9-B5308EC74255}.Debug|Any CPU.Build.0 = Debug|Any CPU
		{008D4F1A-5A2E-4742-B6C9-B5308EC74255}.Release|Any CPU.ActiveCfg = Release|Any CPU
		{008D4F1A-5A2E-4742-B6C9-B5308EC74255}.Release|Any CPU.Build.0 = Release|Any CPU
		{30B52352-3641-45C4-AD93-0E49113DA55A}.Debug|Any CPU.ActiveCfg = Debug|Any CPU
		{30B52352-3641-45C4-AD93-0E49113DA55A}.Debug|Any CPU.Build.0 = Debug|Any CPU
		{30B52352-3641-45C4-AD93-0E49113DA55A}.Release|Any CPU.ActiveCfg = Release|Any CPU
		{30B52352-3641-45C4-AD93-0E49113DA55A}.Release|Any CPU.Build.0 = Release|Any CPU
	EndGlobalSection
	GlobalSection(SolutionProperties) = preSolution
		HideSolutionNode = FALSE
	EndGlobalSection
	GlobalSection(NestedProjects) = preSolution
		{D636C81A-BD13-4109-852F-963D7C9D762E} = {2BC34387-6248-4BC2-8EB5-32BD6DDBC809}
		{4573989B-7AAA-4D54-9DAE-6AB2DA76AB5C} = {26698CCA-2202-4442-8F8A-6A1288496932}
		{65E511EA-D6DC-481F-A1C5-9FBB10C60C0D} = {26698CCA-2202-4442-8F8A-6A1288496932}
		{DA5A745A-1BDA-4745-AD6B-B92AE71F4F3F} = {2BC34387-6248-4BC2-8EB5-32BD6DDBC809}
		{34691628-1660-43EB-827A-9A0CEC09FCF6} = {2BC34387-6248-4BC2-8EB5-32BD6DDBC809}
		{851F5C07-9A12-48A6-9706-1416344B71CB} = {26698CCA-2202-4442-8F8A-6A1288496932}
		{008D4F1A-5A2E-4742-B6C9-B5308EC74255} = {26698CCA-2202-4442-8F8A-6A1288496932}
		{30B52352-3641-45C4-AD93-0E49113DA55A} = {2BC34387-6248-4BC2-8EB5-32BD6DDBC809}
	EndGlobalSection
	GlobalSection(ExtensibilityGlobals) = postSolution
		SolutionGuid = {B85F8CC9-5FD5-4BB5-B2D4-F7B62B2AC4D7}
	EndGlobalSection
EndGlobal
